
Microsoft Visual Studio Solution File, Format Version 12.00
# Visual Studio 15
Project("{FAE04EC0-301F-11D3-BF4B-00C04F79EFBC}") = "Assembly-CSharp", "Assembly-CSharp.csproj", "{85C198FA-8EBB-FDE0-E10F-FB94D7F31B0D}"
EndProject
Project("{FAE04EC0-301F-11D3-BF4B-00C04F79EFBC}") = "Unity.XR.Interaction.Toolkit.Samples.StarterAssets", "Unity.XR.Interaction.Toolkit.Samples.StarterAssets.csproj", "{EF4B7351-6F89-9279-0443-09B9AD292DC8}"
EndProject
Project("{FAE04EC0-301F-11D3-BF4B-00C04F79EFBC}") = "Unity.XR.Interaction.Toolkit.Samples.StarterAssets.Editor", "Unity.XR.Interaction.Toolkit.Samples.StarterAssets.Editor.csproj", "{5D87BBC0-7AA8-D65C-BF39-C9DD636EB586}"
EndProject
Project("{FAE04EC0-301F-11D3-BF4B-00C04F79EFBC}") = "Unity.XR.Interaction.Toolkit.Samples.Hands", "Unity.XR.Interaction.Toolkit.Samples.Hands.csproj", "{A950F07F-78CD-1DD8-69B5-DC4378CB1C5A}"
EndProject
Project("{FAE04EC0-301F-11D3-BF4B-00C04F79EFBC}") = "Unity.XR.Hands.Samples.VisualizerSample", "Unity.XR.Hands.Samples.VisualizerSample.csproj", "{E06B6C7C-B877-7642-F1BB-378EDA9ED4F9}"
EndProject
Project("{FAE04EC0-301F-11D3-BF4B-00C04F79EFBC}") = "Unity.XR.Interaction.Toolkit.Samples.Hands.Editor", "Unity.XR.Interaction.Toolkit.Samples.Hands.Editor.csproj", "{F183B004-BC81-4D39-64FE-2BC85141644D}"
EndProject
Global
	GlobalSection(SolutionConfigurationPlatforms) = preSolution
		Debug|Any CPU = Debug|Any CPU
		Release|Any CPU = Release|Any CPU
	EndGlobalSection
	GlobalSection(ProjectConfigurationPlatforms) = postSolution
		{85C198FA-8EBB-FDE0-E10F-FB94D7F31B0D}.Debug|Any CPU.ActiveCfg = Debug|Any CPU
		{85C198FA-8EBB-FDE0-E10F-FB94D7F31B0D}.Debug|Any CPU.Build.0 = Debug|Any CPU
		{85C198FA-8EBB-FDE0-E10F-FB94D7F31B0D}.Release|Any CPU.ActiveCfg = Release|Any CPU
		{85C198FA-8EBB-FDE0-E10F-FB94D7F31B0D}.Release|Any CPU.Build.0 = Release|Any CPU
		{EF4B7351-6F89-9279-0443-09B9AD292DC8}.Debug|Any CPU.ActiveCfg = Debug|Any CPU
		{EF4B7351-6F89-9279-0443-09B9AD292DC8}.Debug|Any CPU.Build.0 = Debug|Any CPU
		{EF4B7351-6F89-9279-0443-09B9AD292DC8}.Release|Any CPU.ActiveCfg = Release|Any CPU
		{EF4B7351-6F89-9279-0443-09B9AD292DC8}.Release|Any CPU.Build.0 = Release|Any CPU
		{5D87BBC0-7AA8-D65C-BF39-C9DD636EB586}.Debug|Any CPU.ActiveCfg = Debug|Any CPU
		{5D87BBC0-7AA8-D65C-BF39-C9DD636EB586}.Debug|Any CPU.Build.0 = Debug|Any CPU
		{5D87BBC0-7AA8-D65C-BF39-C9DD636EB586}.Release|Any CPU.ActiveCfg = Release|Any CPU
		{5D87BBC0-7AA8-D65C-BF39-C9DD636EB586}.Release|Any CPU.Build.0 = Release|Any CPU
		{A950F07F-78CD-1DD8-69B5-DC4378CB1C5A}.Debug|Any CPU.ActiveCfg = Debug|Any CPU
		{A950F07F-78CD-1DD8-69B5-DC4378CB1C5A}.Debug|Any CPU.Build.0 = Debug|Any CPU
		{A950F07F-78CD-1DD8-69B5-DC4378CB1C5A}.Release|Any CPU.ActiveCfg = Release|Any CPU
		{A950F07F-78CD-1DD8-69B5-DC4378CB1C5A}.Release|Any CPU.Build.0 = Release|Any CPU
		{E06B6C7C-B877-7642-F1BB-378EDA9ED4F9}.Debug|Any CPU.ActiveCfg = Debug|Any CPU
		{E06B6C7C-B877-7642-F1BB-378EDA9ED4F9}.Debug|Any CPU.Build.0 = Debug|Any CPU
		{E06B6C7C-B877-7642-F1BB-378EDA9ED4F9}.Release|Any CPU.ActiveCfg = Release|Any CPU
		{E06B6C7C-B877-7642-F1BB-378EDA9ED4F9}.Release|Any CPU.Build.0 = Release|Any CPU
		{F183B004-BC81-4D39-64FE-2BC85141644D}.Debug|Any CPU.ActiveCfg = Debug|Any CPU
		{F183B004-BC81-4D39-64FE-2BC85141644D}.Debug|Any CPU.Build.0 = Debug|Any CPU
		{F183B004-BC81-4D39-64FE-2BC85141644D}.Release|Any CPU.ActiveCfg = Release|Any CPU
		{F183B004-BC81-4D39-64FE-2BC85141644D}.Release|Any CPU.Build.0 = Release|Any CPU
	EndGlobalSection
	GlobalSection(SolutionProperties) = preSolution
		HideSolutionNode = FALSE
	EndGlobalSection
EndGlobal
